
Microsoft Visual Studio Solution File, Format Version 12.00
# Visual Studio Version 16
VisualStudioVersion = 16.0.28803.452
MinimumVisualStudioVersion = 10.0.40219.1
Project("{FAE04EC0-301F-11D3-BF4B-00C04F79EFBC}") = "HIPA", "HIPA\HIPA.csproj", "{4F647128-EB26-412E-953F-272B02637931}"
EndProject
Global
	GlobalSection(SolutionConfigurationPlatforms) = preSolution
		Debug|Any CPU = Debug|Any CPU
		Release|Any CPU = Release|Any CPU
	EndGlobalSection
	GlobalSection(ProjectConfigurationPlatforms) = postSolution
		{4F647128-EB26-412E-953F-272B02637931}.Debug|Any CPU.ActiveCfg = Debug|Any CPU
		{4F647128-EB26-412E-953F-272B02637931}.Debug|Any CPU.Build.0 = Debug|Any CPU
		{4F647128-EB26-412E-953F-272B02637931}.Release|Any CPU.ActiveCfg = Release|Any CPU
		{4F647128-EB26-412E-953F-272B02637931}.Release|Any CPU.Build.0 = Release|Any CPU
	EndGlobalSection
	GlobalSection(SolutionProperties) = preSolution
		HideSolutionNode = FALSE
	EndGlobalSection
	GlobalSection(ExtensibilityGlobals) = postSolution
		SolutionGuid = {FCAB6267-FC83-4D6A-B4B2-1D90D8741D12}
	EndGlobalSection
EndGlobal
